{
  "version": 4,
  "terraform_version": "1.7.5",
  "serial": 164,
  "lineage": "a440d03c-5bdd-cabb-afb5-6848484f5af3",
  "outputs": {},
  "resources": [
    {
      "mode": "data",
      "type": "aws_caller_identity",
      "name": "current",
      "provider": "provider[\"registry.terraform.io/hashicorp/aws\"]",
      "instances": [
        {
          "schema_version": 0,
          "attributes": {
            "account_id": "381492073646",
            "arn": "arn:aws:iam::381492073646:user/sebastian",
            "id": "381492073646",
            "user_id": "AIDAVRUVTCSXIGTQSJILH"
          },
          "sensitive_attributes": []
        }
      ]
    },
    {
      "mode": "managed",
      "type": "aws_codebuild_project",
      "name": "ebapp",
      "provider": "provider[\"registry.terraform.io/hashicorp/aws\"]",
      "instances": [
        {
          "schema_version": 0,
          "attributes": {
            "arn": "arn:aws:codebuild:us-east-1:381492073646:project/ebapp",
            "artifacts": [
              {
                "artifact_identifier": "",
                "bucket_owner_access": "",
                "encryption_disabled": false,
                "location": "codebuild-ebapp",
                "name": "ebapp",
                "namespace_type": "NONE",
                "override_artifact_name": false,
                "packaging": "NONE",
                "path": "",
                "type": "S3"
              }
            ],
            "badge_enabled": false,
            "badge_url": "",
            "build_batch_config": [],
            "build_timeout": 5,
            "cache": [
              {
                "location": "codebuild-ebapp",
                "modes": [],
                "type": "S3"
              }
            ],
            "concurrent_build_limit": 0,
            "description": "A node.js app build project for ElasticBeanstalk",
            "encryption_key": "arn:aws:kms:us-east-1:381492073646:alias/aws/s3",
            "environment": [
              {
                "certificate": "",
                "compute_type": "BUILD_GENERAL1_SMALL",
                "environment_variable": [
                  {
                    "name": "AWS_ACCOUNT_ID",
                    "type": "PLAINTEXT",
                    "value": "381492073646"
                  },
                  {
                    "name": "AWS_DEFAULT_REGION",
                    "type": "PLAINTEXT",
                    "value": "us-east-1"
                  }
                ],
                "image": "aws/codebuild/amazonlinux2-x86_64-standard:3.0",
                "image_pull_credentials_type": "CODEBUILD",
                "privileged_mode": true,
                "registry_credential": [],
                "type": "LINUX_CONTAINER"
              }
            ],
            "file_system_locations": [],
            "id": "arn:aws:codebuild:us-east-1:381492073646:project/ebapp",
            "logs_config": [
              {
                "cloudwatch_logs": [
                  {
                    "group_name": "log-group",
                    "status": "ENABLED",
                    "stream_name": "log-stream"
                  }
                ],
                "s3_logs": [
                  {
                    "bucket_owner_access": "",
                    "encryption_disabled": false,
                    "location": "codebuild-ebapp/build-log",
                    "status": "ENABLED"
                  }
                ]
              }
            ],
            "name": "ebapp",
            "project_visibility": "PRIVATE",
            "public_project_alias": "",
            "queued_timeout": 480,
            "resource_access_role": "",
            "secondary_artifacts": [],
            "secondary_source_version": [],
            "secondary_sources": [],
            "service_role": "arn:aws:iam::381492073646:role/codebuild-role-ebapp",
            "source": [
              {
                "build_status_config": [],
                "buildspec": "",
                "git_clone_depth": 1,
                "git_submodules_config": [
                  {
                    "fetch_submodules": true
                  }
                ],
                "insecure_ssl": false,
                "location": "https://git-codecommit.us-east-1.amazonaws.com/v1/repos/eb-demo-repo",
                "report_build_status": false,
                "type": "CODECOMMIT"
              }
            ],
            "source_version": "main",
            "tags": {
              "Environment": "Build"
            },
            "tags_all": {
              "Environment": "Build"
            },
            "vpc_config": []
          },
          "sensitive_attributes": [],
          "private": "bnVsbA==",
          "dependencies": [
            "aws_iam_role.codebuild-role",
            "aws_s3_bucket.ebapp",
            "data.aws_caller_identity.current"
          ]
        }
      ]
    },
    {
      "mode": "managed",
      "type": "aws_codebuild_project",
      "name": "ebapp_test",
      "provider": "provider[\"registry.terraform.io/hashicorp/aws\"]",
      "instances": [
        {
          "schema_version": 0,
          "attributes": {
            "arn": "arn:aws:codebuild:us-east-1:381492073646:project/ebapp_test",
            "artifacts": [
              {
                "artifact_identifier": "",
                "bucket_owner_access": "",
                "encryption_disabled": false,
                "location": "codebuild-ebapp",
                "name": "ebapp_test",
                "namespace_type": "NONE",
                "override_artifact_name": false,
                "packaging": "NONE",
                "path": "",
                "type": "S3"
              }
            ],
            "badge_enabled": false,
            "badge_url": "",
            "build_batch_config": [],
            "build_timeout": 5,
            "cache": [
              {
                "location": "codebuild-ebapp",
                "modes": [],
                "type": "S3"
              }
            ],
            "concurrent_build_limit": 0,
            "description": "A node.js app build project for testing",
            "encryption_key": "arn:aws:kms:us-east-1:381492073646:alias/aws/s3",
            "environment": [
              {
                "certificate": "",
                "compute_type": "BUILD_GENERAL1_SMALL",
                "environment_variable": [
                  {
                    "name": "AWS_ACCOUNT_ID",
                    "type": "PLAINTEXT",
                    "value": "381492073646"
                  },
                  {
                    "name": "AWS_DEFAULT_REGION",
                    "type": "PLAINTEXT",
                    "value": "us-east-1"
                  }
                ],
                "image": "aws/codebuild/amazonlinux2-x86_64-standard:3.0",
                "image_pull_credentials_type": "CODEBUILD",
                "privileged_mode": true,
                "registry_credential": [],
                "type": "LINUX_CONTAINER"
              }
            ],
            "file_system_locations": [],
            "id": "arn:aws:codebuild:us-east-1:381492073646:project/ebapp_test",
            "logs_config": [
              {
                "cloudwatch_logs": [
                  {
                    "group_name": "log-group",
                    "status": "ENABLED",
                    "stream_name": "log-stream"
                  }
                ],
                "s3_logs": [
                  {
                    "bucket_owner_access": "",
                    "encryption_disabled": false,
                    "location": "codebuild-ebapp/build-log",
                    "status": "ENABLED"
                  }
                ]
              }
            ],
            "name": "ebapp_test",
            "project_visibility": "PRIVATE",
            "public_project_alias": "",
            "queued_timeout": 480,
            "resource_access_role": "",
            "secondary_artifacts": [],
            "secondary_source_version": [],
            "secondary_sources": [],
            "service_role": "arn:aws:iam::381492073646:role/codebuild-role-ebapp",
            "source": [
              {
                "build_status_config": [],
                "buildspec": "version: 0.2\r\n\r\nphases:\r\n  install:\r\n    runtime-versions:\r\n      nodejs: 10\r\n  pre_build:\r\n    commands:\r\n      - echo pre_build phase started on `date`\r\n      - echo npm is installing...\r\n      - npm install\r\n  build:\r\n    commands:\r\n      - echo Build started on `date` \r\n      - echo tes.js is executing...\r\n      - node test.js\r\n      - echo Jest is executing...\r\n      - npm run test -- --coverage --reporters=default --reporters=junit \r\n  post_build:\r\n    commands:\r\n      - echo Build completed on `date`\r\nreports:\r\n  jesttests:\r\n    files:\r\n      - '**/coverage/junit.xml'\r\n  coverage:\r\n      files:\r\n        - '**/coverage/lcov-report/*'",
                "git_clone_depth": 1,
                "git_submodules_config": [
                  {
                    "fetch_submodules": true
                  }
                ],
                "insecure_ssl": false,
                "location": "https://git-codecommit.us-east-1.amazonaws.com/v1/repos/eb-demo-repo",
                "report_build_status": false,
                "type": "CODECOMMIT"
              }
            ],
            "source_version": "main",
            "tags": {
              "Environment": "Test"
            },
            "tags_all": {
              "Environment": "Test"
            },
            "vpc_config": []
          },
          "sensitive_attributes": [],
          "private": "bnVsbA==",
          "dependencies": [
            "aws_iam_role.codebuild-role",
            "aws_s3_bucket.ebapp",
            "data.aws_caller_identity.current"
          ]
        }
      ]
    },
    {
      "mode": "managed",
      "type": "aws_codepipeline",
      "name": "codepipeline",
      "provider": "provider[\"registry.terraform.io/hashicorp/aws\"]",
      "instances": [
        {
          "schema_version": 0,
          "attributes": {
            "arn": "arn:aws:codepipeline:us-east-1:381492073646:cicd-elasticBeanstalk",
            "artifact_store": [
              {
                "encryption_key": [],
                "location": "codebuild-ebapp",
                "region": "",
                "type": "S3"
              }
            ],
            "execution_mode": "SUPERSEDED",
            "id": "cicd-elasticBeanstalk",
            "name": "cicd-elasticBeanstalk",
            "pipeline_type": "V1",
            "role_arn": "arn:aws:iam::381492073646:role/eb-demo-repo-codepipeline-role",
            "stage": [
              {
                "action": [
                  {
                    "category": "Source",
                    "configuration": {
                      "BranchName": "main",
                      "PollForSourceChanges": "true",
                      "RepositoryName": "eb-demo-repo"
                    },
                    "input_artifacts": [],
                    "name": "Source",
                    "namespace": "",
                    "output_artifacts": [
                      "source_output"
                    ],
                    "owner": "AWS",
                    "provider": "CodeCommit",
                    "region": "",
                    "role_arn": "",
                    "run_order": 1,
                    "timeout_in_minutes": 0,
                    "version": "1"
                  }
                ],
                "name": "Source"
              },
              {
                "action": [
                  {
                    "category": "Build",
                    "configuration": {
                      "ProjectName": "ebapp"
                    },
                    "input_artifacts": [
                      "source_output"
                    ],
                    "name": "Build",
                    "namespace": "",
                    "output_artifacts": [
                      "build_output"
                    ],
                    "owner": "AWS",
                    "provider": "CodeBuild",
                    "region": "",
                    "role_arn": "",
                    "run_order": 1,
                    "timeout_in_minutes": 0,
                    "version": "1"
                  },
                  {
                    "category": "Build",
                    "configuration": {
                      "ProjectName": "ebapp_test"
                    },
                    "input_artifacts": [
                      "source_output"
                    ],
                    "name": "Test",
                    "namespace": "",
                    "output_artifacts": [
                      "test_output"
                    ],
                    "owner": "AWS",
                    "provider": "CodeBuild",
                    "region": "",
                    "role_arn": "",
                    "run_order": 1,
                    "timeout_in_minutes": 0,
                    "version": "1"
                  }
                ],
                "name": "Build"
              },
              {
                "action": [
                  {
                    "category": "Deploy",
                    "configuration": {
                      "ApplicationName": "mytodoapp",
                      "EnvironmentName": "mytodoenv"
                    },
                    "input_artifacts": [
                      "build_output"
                    ],
                    "name": "Deploy",
                    "namespace": "",
                    "output_artifacts": [],
                    "owner": "AWS",
                    "provider": "ElasticBeanstalk",
                    "region": "",
                    "role_arn": "",
                    "run_order": 1,
                    "timeout_in_minutes": 0,
                    "version": "1"
                  }
                ],
                "name": "Deploy"
              }
            ],
            "tags": {},
            "tags_all": {},
            "trigger": [],
            "variable": []
          },
          "sensitive_attributes": [],
          "private": "bnVsbA==",
          "dependencies": [
            "aws_codebuild_project.ebapp",
            "aws_codebuild_project.ebapp_test",
            "aws_elastic_beanstalk_application.elasticapp",
            "aws_elastic_beanstalk_environment.beanstalkappenv",
            "aws_iam_role.codebuild-role",
            "aws_iam_role.codepipeline_role",
            "aws_s3_bucket.ebapp",
            "data.aws_caller_identity.current"
          ]
        }
      ]
    },
    {
      "mode": "managed",
      "type": "aws_elastic_beanstalk_application",
      "name": "elasticapp",
      "provider": "provider[\"registry.terraform.io/hashicorp/aws\"]",
      "instances": [
        {
          "schema_version": 0,
          "attributes": {
            "appversion_lifecycle": [],
            "arn": "arn:aws:elasticbeanstalk:us-east-1:381492073646:application/mytodoapp",
            "description": "My Elastic Beanstalk application",
            "id": "mytodoapp",
            "name": "mytodoapp",
            "tags": {},
            "tags_all": {}
          },
          "sensitive_attributes": [],
          "private": "bnVsbA=="
        }
      ]
    },
    {
      "mode": "managed",
      "type": "aws_elastic_beanstalk_environment",
      "name": "beanstalkappenv",
      "provider": "provider[\"registry.terraform.io/hashicorp/aws\"]",
      "instances": [
        {
          "schema_version": 1,
          "attributes": {
            "all_settings": [
              {
                "name": "AppSource",
                "namespace": "aws:cloudformation:template:parameter",
                "resource": "",
                "value": "https://elasticbeanstalk-platform-assets-us-east-1.s3.amazonaws.com/stalks/eb_nodejs18_amazon_linux_2_1.0.3266.0_20240712230157/sampleapp/EBSampleApp-Nodejs.zip"
              },
              {
                "name": "Application Healthcheck URL",
                "namespace": "aws:elasticbeanstalk:application",
                "resource": "",
                "value": ""
              },
              {
                "name": "AssociatePublicIpAddress",
                "namespace": "aws:ec2:vpc",
                "resource": "",
                "value": ""
              },
              {
                "name": "Automatically Terminate Unhealthy Instances",
                "namespace": "aws:elasticbeanstalk:monitoring",
                "resource": "",
                "value": "true"
              },
              {
                "name": "Availability Zones",
                "namespace": "aws:autoscaling:asg",
                "resource": "",
                "value": "Any"
              },
              {
                "name": "BatchSize",
                "namespace": "aws:elasticbeanstalk:command",
                "resource": "",
                "value": "100"
              },
              {
                "name": "BatchSizeType",
                "namespace": "aws:elasticbeanstalk:command",
                "resource": "",
                "value": "Percentage"
              },
              {
                "name": "BlockDeviceMappings",
                "namespace": "aws:autoscaling:launchconfiguration",
                "resource": "",
                "value": ""
              },
              {
                "name": "BreachDuration",
                "namespace": "aws:autoscaling:trigger",
                "resource": "",
                "value": "5"
              },
              {
                "name": "ConfigDocument",
                "namespace": "aws:elasticbeanstalk:healthreporting:system",
                "resource": "",
                "value": "{\"Version\":1,\"CloudWatchMetrics\":{\"Instance\":{\"CPUIrq\":null,\"LoadAverage5min\":null,\"ApplicationRequests5xx\":null,\"ApplicationRequests4xx\":null,\"CPUUser\":null,\"LoadAverage1min\":null,\"ApplicationLatencyP50\":null,\"CPUIdle\":null,\"InstanceHealth\":null,\"ApplicationLatencyP95\":null,\"ApplicationLatencyP85\":null,\"RootFilesystemUtil\":null,\"ApplicationLatencyP90\":null,\"CPUSystem\":null,\"ApplicationLatencyP75\":null,\"CPUSoftirq\":null,\"ApplicationLatencyP10\":null,\"ApplicationLatencyP99\":null,\"ApplicationRequestsTotal\":null,\"ApplicationLatencyP99.9\":null,\"ApplicationRequests3xx\":null,\"ApplicationRequests2xx\":null,\"CPUIowait\":null,\"CPUNice\":null},\"Environment\":{\"InstancesSevere\":null,\"InstancesDegraded\":null,\"ApplicationRequests5xx\":null,\"ApplicationRequests4xx\":null,\"ApplicationLatencyP50\":null,\"ApplicationLatencyP95\":null,\"ApplicationLatencyP85\":null,\"InstancesUnknown\":null,\"ApplicationLatencyP90\":null,\"InstancesInfo\":null,\"InstancesPending\":null,\"ApplicationLatencyP75\":null,\"ApplicationLatencyP10\":null,\"ApplicationLatencyP99\":null,\"ApplicationRequestsTotal\":null,\"InstancesNoData\":null,\"ApplicationLatencyP99.9\":null,\"ApplicationRequests3xx\":null,\"ApplicationRequests2xx\":null,\"InstancesOk\":null,\"InstancesWarning\":null}}}"
              },
              {
                "name": "ConnectionDrainingEnabled",
                "namespace": "aws:elb:policies",
                "resource": "",
                "value": "false"
              },
              {
                "name": "ConnectionDrainingTimeout",
                "namespace": "aws:elb:policies",
                "resource": "",
                "value": "20"
              },
              {
                "name": "ConnectionSettingIdleTimeout",
                "namespace": "aws:elb:policies",
                "resource": "",
                "value": "60"
              },
              {
                "name": "Cooldown",
                "namespace": "aws:autoscaling:asg",
                "resource": "",
                "value": "360"
              },
              {
                "name": "CrossZone",
                "namespace": "aws:elb:loadbalancer",
                "resource": "",
                "value": "false"
              },
              {
                "name": "Custom Availability Zones",
                "namespace": "aws:autoscaling:asg",
                "resource": "",
                "value": ""
              },
              {
                "name": "DefaultSSHPort",
                "namespace": "aws:elasticbeanstalk:control",
                "resource": "",
                "value": "22"
              },
              {
                "name": "DeleteOnTerminate",
                "namespace": "aws:elasticbeanstalk:cloudwatch:logs",
                "resource": "",
                "value": "false"
              },
              {
                "name": "DeleteOnTerminate",
                "namespace": "aws:elasticbeanstalk:cloudwatch:logs:health",
                "resource": "",
                "value": "false"
              },
              {
                "name": "DeploymentPolicy",
                "namespace": "aws:elasticbeanstalk:command",
                "resource": "",
                "value": "AllAtOnce"
              },
              {
                "name": "DisableIMDSv1",
                "namespace": "aws:autoscaling:launchconfiguration",
                "resource": "",
                "value": "false"
              },
              {
                "name": "EC2KeyName",
                "namespace": "aws:autoscaling:launchconfiguration",
                "resource": "",
                "value": ""
              },
              {
                "name": "ELBScheme",
                "namespace": "aws:ec2:vpc",
                "resource": "",
                "value": "public"
              },
              {
                "name": "ELBSubnets",
                "namespace": "aws:ec2:vpc",
                "resource": "",
                "value": ""
              },
              {
                "name": "EnableCapacityRebalancing",
                "namespace": "aws:autoscaling:asg",
                "resource": "",
                "value": "false"
              },
              {
                "name": "EnableSpot",
                "namespace": "aws:ec2:instances",
                "resource": "",
                "value": "false"
              },
              {
                "name": "EnhancedHealthAuthEnabled",
                "namespace": "aws:elasticbeanstalk:healthreporting:system",
                "resource": "",
                "value": "true"
              },
              {
                "name": "EnvironmentType",
                "namespace": "aws:elasticbeanstalk:environment",
                "resource": "",
                "value": "LoadBalanced"
              },
              {
                "name": "EnvironmentVariables",
                "namespace": "aws:cloudformation:template:parameter",
                "resource": "",
                "value": ""
              },
              {
                "name": "EvaluationPeriods",
                "namespace": "aws:autoscaling:trigger",
                "resource": "",
                "value": "1"
              },
              {
                "name": "ExternalExtensionsS3Bucket",
                "namespace": "aws:elasticbeanstalk:environment",
                "resource": "",
                "value": ""
              },
              {
                "name": "ExternalExtensionsS3Key",
                "namespace": "aws:elasticbeanstalk:environment",
                "resource": "",
                "value": ""
              },
              {
                "name": "HasCoupledDatabase",
                "namespace": "aws:rds:dbinstance",
                "resource": "",
                "value": "false"
              },
              {
                "name": "HealthCheckSuccessThreshold",
                "namespace": "aws:elasticbeanstalk:healthreporting:system",
                "resource": "",
                "value": "Ok"
              },
              {
                "name": "HealthStreamingEnabled",
                "namespace": "aws:elasticbeanstalk:cloudwatch:logs:health",
                "resource": "",
                "value": "false"
              },
              {
                "name": "HealthyThreshold",
                "namespace": "aws:elb:healthcheck",
                "resource": "",
                "value": "3"
              },
              {
                "name": "HooksPkgUrl",
                "namespace": "aws:cloudformation:template:parameter",
                "resource": "",
                "value": "https://elasticbeanstalk-platform-assets-us-east-1.s3.amazonaws.com/stalks/eb_nodejs18_amazon_linux_2_1.0.3266.0_20240712230157/lib/hooks.tar.gz"
              },
              {
                "name": "IamInstanceProfile",
                "namespace": "aws:autoscaling:launchconfiguration",
                "resource": "",
                "value": "ec2_profile"
              },
              {
                "name": "IgnoreHealthCheck",
                "namespace": "aws:elasticbeanstalk:command",
                "resource": "",
                "value": "false"
              },
              {
                "name": "ImageId",
                "namespace": "aws:autoscaling:launchconfiguration",
                "resource": "",
                "value": "ami-05bf5063936904535"
              },
              {
                "name": "InstancePort",
                "namespace": "aws:cloudformation:template:parameter",
                "resource": "",
                "value": "80"
              },
              {
                "name": "InstancePort",
                "namespace": "aws:elb:listener:80",
                "resource": "",
                "value": "80"
              },
              {
                "name": "InstanceProtocol",
                "namespace": "aws:elb:listener:80",
                "resource": "",
                "value": "HTTP"
              },
              {
                "name": "InstanceRefreshEnabled",
                "namespace": "aws:elasticbeanstalk:managedactions:platformupdate",
                "resource": "",
                "value": "false"
              },
              {
                "name": "InstanceType",
                "namespace": "aws:autoscaling:launchconfiguration",
                "resource": "",
                "value": "t2.micro"
              },
              {
                "name": "InstanceTypeFamily",
                "namespace": "aws:cloudformation:template:parameter",
                "resource": "",
                "value": "t2"
              },
              {
                "name": "InstanceTypes",
                "namespace": "aws:ec2:instances",
                "resource": "",
                "value": "t2.micro"
              },
              {
                "name": "Interval",
                "namespace": "aws:elb:healthcheck",
                "resource": "",
                "value": "10"
              },
              {
                "name": "LaunchTemplateTagPropagationEnabled",
                "namespace": "aws:autoscaling:launchconfiguration",
                "resource": "",
                "value": ""
              },
              {
                "name": "LaunchTimeout",
                "namespace": "aws:elasticbeanstalk:control",
                "resource": "",
                "value": "0"
              },
              {
                "name": "LaunchType",
                "namespace": "aws:elasticbeanstalk:control",
                "resource": "",
                "value": "Migration"
              },
              {
                "name": "ListenerEnabled",
                "namespace": "aws:elb:listener:80",
                "resource": "",
                "value": "true"
              },
              {
                "name": "ListenerProtocol",
                "namespace": "aws:elb:listener:80",
                "resource": "",
                "value": "HTTP"
              },
              {
                "name": "LoadBalancerHTTPPort",
                "namespace": "aws:elb:loadbalancer",
                "resource": "",
                "value": "80"
              },
              {
                "name": "LoadBalancerHTTPSPort",
                "namespace": "aws:elb:loadbalancer",
                "resource": "",
                "value": "OFF"
              },
              {
                "name": "LoadBalancerPortProtocol",
                "namespace": "aws:elb:loadbalancer",
                "resource": "",
                "value": "HTTP"
              },
              {
                "name": "LoadBalancerSSLPortProtocol",
                "namespace": "aws:elb:loadbalancer",
                "resource": "",
                "value": "HTTPS"
              },
              {
                "name": "LoadBalancerType",
                "namespace": "aws:elasticbeanstalk:environment",
                "resource": "",
                "value": "classic"
              },
              {
                "name": "LogPublicationControl",
                "namespace": "aws:elasticbeanstalk:hostmanager",
                "resource": "",
                "value": "false"
              },
              {
                "name": "LowerBreachScaleIncrement",
                "namespace": "aws:autoscaling:trigger",
                "resource": "",
                "value": "-1"
              },
              {
                "name": "LowerThreshold",
                "namespace": "aws:autoscaling:trigger",
                "resource": "",
                "value": "2000000"
              },
              {
                "name": "ManagedActionsEnabled",
                "namespace": "aws:elasticbeanstalk:managedactions",
                "resource": "",
                "value": "false"
              },
              {
                "name": "MaxBatchSize",
                "namespace": "aws:autoscaling:updatepolicy:rollingupdate",
                "resource": "",
                "value": ""
              },
              {
                "name": "MaxSize",
                "namespace": "aws:autoscaling:asg",
                "resource": "",
                "value": "4"
              },
              {
                "name": "MeasureName",
                "namespace": "aws:autoscaling:trigger",
                "resource": "",
                "value": "NetworkOut"
              },
              {
                "name": "MinInstancesInService",
                "namespace": "aws:autoscaling:updatepolicy:rollingupdate",
                "resource": "",
                "value": ""
              },
              {
                "name": "MinSize",
                "namespace": "aws:autoscaling:asg",
                "resource": "",
                "value": "1"
              },
              {
                "name": "MonitoringInterval",
                "namespace": "aws:autoscaling:launchconfiguration",
                "resource": "",
                "value": "5 minute"
              },
              {
                "name": "Notification Endpoint",
                "namespace": "aws:elasticbeanstalk:sns:topics",
                "resource": "",
                "value": ""
              },
              {
                "name": "Notification Protocol",
                "namespace": "aws:elasticbeanstalk:sns:topics",
                "resource": "",
                "value": "email"
              },
              {
                "name": "Notification Topic ARN",
                "namespace": "aws:elasticbeanstalk:sns:topics",
                "resource": "",
                "value": ""
              },
              {
                "name": "Notification Topic Name",
                "namespace": "aws:elasticbeanstalk:sns:topics",
                "resource": "",
                "value": ""
              },
              {
                "name": "PauseTime",
                "namespace": "aws:autoscaling:updatepolicy:rollingupdate",
                "resource": "",
                "value": ""
              },
              {
                "name": "Period",
                "namespace": "aws:autoscaling:trigger",
                "resource": "",
                "value": "5"
              },
              {
                "name": "PreferredStartTime",
                "namespace": "aws:elasticbeanstalk:managedactions",
                "resource": "",
                "value": ""
              },
              {
                "name": "ProxyServer",
                "namespace": "aws:elasticbeanstalk:environment:proxy",
                "resource": "",
                "value": "nginx"
              },
              {
                "name": "RetentionInDays",
                "namespace": "aws:elasticbeanstalk:cloudwatch:logs",
                "resource": "",
                "value": "7"
              },
              {
                "name": "RetentionInDays",
                "namespace": "aws:elasticbeanstalk:cloudwatch:logs:health",
                "resource": "",
                "value": "7"
              },
              {
                "name": "RollbackLaunchOnFailure",
                "namespace": "aws:elasticbeanstalk:control",
                "resource": "",
                "value": "false"
              },
              {
                "name": "RollingUpdateEnabled",
                "namespace": "aws:autoscaling:updatepolicy:rollingupdate",
                "resource": "",
                "value": "false"
              },
              {
                "name": "RollingUpdateType",
                "namespace": "aws:autoscaling:updatepolicy:rollingupdate",
                "resource": "",
                "value": "Time"
              },
              {
                "name": "RootVolumeIOPS",
                "namespace": "aws:autoscaling:launchconfiguration",
                "resource": "",
                "value": ""
              },
              {
                "name": "RootVolumeSize",
                "namespace": "aws:autoscaling:launchconfiguration",
                "resource": "",
                "value": ""
              },
              {
                "name": "RootVolumeThroughput",
                "namespace": "aws:autoscaling:launchconfiguration",
                "resource": "",
                "value": ""
              },
              {
                "name": "RootVolumeType",
                "namespace": "aws:autoscaling:launchconfiguration",
                "resource": "",
                "value": ""
              },
              {
                "name": "SSHSourceRestriction",
                "namespace": "aws:autoscaling:launchconfiguration",
                "resource": "",
                "value": "tcp,22,22,0.0.0.0/0"
              },
              {
                "name": "SSLCertificateId",
                "namespace": "aws:elb:listener:80",
                "resource": "",
                "value": ""
              },
              {
                "name": "SSLCertificateId",
                "namespace": "aws:elb:loadbalancer",
                "resource": "",
                "value": ""
              },
              {
                "name": "SecurityGroups",
                "namespace": "aws:autoscaling:launchconfiguration",
                "resource": "",
                "value": "awseb-e-gmxyhi3et3-stack-AWSEBSecurityGroup-aVRimSuTii3v"
              },
              {
                "name": "SecurityGroups",
                "namespace": "aws:elb:loadbalancer",
                "resource": "",
                "value": ""
              },
              {
                "name": "ServiceRole",
                "namespace": "aws:elasticbeanstalk:environment",
                "resource": "",
                "value": "AWSServiceRoleForElasticBeanstalk"
              },
              {
                "name": "ServiceRoleForManagedUpdates",
                "namespace": "aws:elasticbeanstalk:managedactions",
                "resource": "",
                "value": ""
              },
              {
                "name": "SpotFleetOnDemandAboveBasePercentage",
                "namespace": "aws:ec2:instances",
                "resource": "",
                "value": "70"
              },
              {
                "name": "SpotFleetOnDemandBase",
                "namespace": "aws:ec2:instances",
                "resource": "",
                "value": "0"
              },
              {
                "name": "SpotMaxPrice",
                "namespace": "aws:ec2:instances",
                "resource": "",
                "value": ""
              },
              {
                "name": "StaticFiles",
                "namespace": "aws:cloudformation:template:parameter",
                "resource": "",
                "value": ""
              },
              {
                "name": "Statistic",
                "namespace": "aws:autoscaling:trigger",
                "resource": "",
                "value": "Average"
              },
              {
                "name": "StreamLogs",
                "namespace": "aws:elasticbeanstalk:cloudwatch:logs",
                "resource": "",
                "value": "false"
              },
              {
                "name": "Subnets",
                "namespace": "aws:ec2:vpc",
                "resource": "",
                "value": ""
              },
              {
                "name": "SupportedArchitectures",
                "namespace": "aws:ec2:instances",
                "resource": "",
                "value": "x86_64"
              },
              {
                "name": "SystemType",
                "namespace": "aws:elasticbeanstalk:healthreporting:system",
                "resource": "",
                "value": "enhanced"
              },
              {
                "name": "Target",
                "namespace": "aws:elb:healthcheck",
                "resource": "",
                "value": "TCP:80"
              },
              {
                "name": "Timeout",
                "namespace": "aws:autoscaling:updatepolicy:rollingupdate",
                "resource": "",
                "value": "PT30M"
              },
              {
                "name": "Timeout",
                "namespace": "aws:elasticbeanstalk:command",
                "resource": "",
                "value": "600"
              },
              {
                "name": "Timeout",
                "namespace": "aws:elb:healthcheck",
                "resource": "",
                "value": "5"
              },
              {
                "name": "UnhealthyThreshold",
                "namespace": "aws:elb:healthcheck",
                "resource": "",
                "value": "5"
              },
              {
                "name": "Unit",
                "namespace": "aws:autoscaling:trigger",
                "resource": "",
                "value": "Bytes"
              },
              {
                "name": "UpdateLevel",
                "namespace": "aws:elasticbeanstalk:managedactions:platformupdate",
                "resource": "",
                "value": ""
              },
              {
                "name": "UpperBreachScaleIncrement",
                "namespace": "aws:autoscaling:trigger",
                "resource": "",
                "value": "1"
              },
              {
                "name": "UpperThreshold",
                "namespace": "aws:autoscaling:trigger",
                "resource": "",
                "value": "6000000"
              },
              {
                "name": "VPCId",
                "namespace": "aws:ec2:vpc",
                "resource": "",
                "value": ""
              },
              {
                "name": "XRayEnabled",
                "namespace": "aws:elasticbeanstalk:xray",
                "resource": "",
                "value": "false"
              }
            ],
            "application": "mytodoapp",
            "arn": "arn:aws:elasticbeanstalk:us-east-1:381492073646:environment/mytodoapp/mytodoenv",
            "autoscaling_groups": [
              "awseb-e-gmxyhi3et3-stack-AWSEBAutoScalingGroup-LzCxiIoSS3yI"
            ],
            "cname": "mytodoenv.eba-3xmsmqd4.us-east-1.elasticbeanstalk.com",
            "cname_prefix": "",
            "description": "",
            "endpoint_url": "awseb-e-g-AWSEBLoa-11QP39X2707EE-240927840.us-east-1.elb.amazonaws.com",
            "id": "e-gmxyhi3et3",
            "instances": [],
            "launch_configurations": [
              "awseb-e-gmxyhi3et3-stack-AWSEBAutoScalingLaunchConfiguration-ZePhVJzsWgcj"
            ],
            "load_balancers": [
              "awseb-e-g-AWSEBLoa-11QP39X2707EE"
            ],
            "name": "mytodoenv",
            "platform_arn": "arn:aws:elasticbeanstalk:us-east-1::platform/Node.js 18 running on 64bit Amazon Linux 2/5.9.4",
            "poll_interval": null,
            "queues": [],
            "setting": [
              {
                "name": "IamInstanceProfile",
                "namespace": "aws:autoscaling:launchconfiguration",
                "resource": "",
                "value": "ec2_profile"
              },
              {
                "name": "InstanceType",
                "namespace": "aws:autoscaling:launchconfiguration",
                "resource": "",
                "value": "t2.micro"
              }
            ],
            "solution_stack_name": "64bit Amazon Linux 2 v5.9.4 running Node.js 18",
            "tags": {},
            "tags_all": {},
            "template_name": null,
            "tier": "WebServer",
            "triggers": [],
            "version_label": "",
            "wait_for_ready_timeout": "20m"
          },
          "sensitive_attributes": [],
          "private": "eyJzY2hlbWFfdmVyc2lvbiI6IjEifQ==",
          "dependencies": [
            "aws_elastic_beanstalk_application.elasticapp"
          ]
        }
      ]
    },
    {
      "mode": "managed",
      "type": "aws_iam_instance_profile",
      "name": "elastic_beanstalk_instance_profile",
      "provider": "provider[\"registry.terraform.io/hashicorp/aws\"]",
      "instances": [
        {
          "schema_version": 0,
          "attributes": {
            "arn": "arn:aws:iam::381492073646:instance-profile/elastic_beanstalk_instance_profile",
            "create_date": "2024-08-07T14:25:27Z",
            "id": "elastic_beanstalk_instance_profile",
            "name": "elastic_beanstalk_instance_profile",
            "name_prefix": "",
            "path": "/",
            "role": "elastic_beanstalk_service_role",
            "tags": {},
            "tags_all": {},
            "unique_id": "AIPAVRUVTCSXOO2JB5FXY"
          },
          "sensitive_attributes": [],
          "private": "bnVsbA==",
          "dependencies": [
            "aws_iam_role.elastic_beanstalk_service_role"
          ]
        }
      ]
    },
    {
      "mode": "managed",
      "type": "aws_iam_role",
      "name": "codebuild-role",
      "provider": "provider[\"registry.terraform.io/hashicorp/aws\"]",
      "instances": [
        {
          "schema_version": 0,
          "attributes": {
            "arn": "arn:aws:iam::381492073646:role/codebuild-role-ebapp",
            "assume_role_policy": "{\"Statement\":[{\"Action\":\"sts:AssumeRole\",\"Effect\":\"Allow\",\"Principal\":{\"Service\":\"codebuild.amazonaws.com\"}}],\"Version\":\"2012-10-17\"}",
            "create_date": "2024-08-07T14:25:26Z",
            "description": "",
            "force_detach_policies": false,
            "id": "codebuild-role-ebapp",
            "inline_policy": [
              {
                "name": "terraform-20240807142550415800000001",
                "policy": "{\"Version\":\"2012-10-17\",\"Statement\":[{\"Action\":[\"logs:CreateLogGroup\",\"logs:CreateLogStream\",\"logs:PutLogEvents\"],\"Effect\":\"Allow\",\"Resource\":[\"*\"]},{\"Action\":[\"s3:*\"],\"Effect\":\"Allow\",\"Resource\":[\"arn:aws:s3:::codebuild-ebapp\",\"arn:aws:s3:::codebuild-ebapp/*\"]},{\"Action\":[\"codebuild:CreateReportGroup\",\"codebuild:CreateReport\",\"codebuild:BatchPutTestCases\",\"codebuild:UpdateReport\",\"codebuild:BatchPutCodeCoverages\"],\"Effect\":\"Allow\",\"Resource\":\"arn:aws:codebuild:us-east-1:381492073646:report-group/*\"},{\"Action\":[\"ssm:GetParameters\"],\"Effect\":\"Allow\",\"Resource\":\"*\"}]}"
              }
            ],
            "managed_policy_arns": [],
            "max_session_duration": 3600,
            "name": "codebuild-role-ebapp",
            "name_prefix": "",
            "path": "/",
            "permissions_boundary": "",
            "tags": {},
            "tags_all": {},
            "unique_id": "AROAVRUVTCSXANNC3FQWH"
          },
          "sensitive_attributes": [],
          "private": "bnVsbA=="
        }
      ]
    },
    {
      "mode": "managed",
      "type": "aws_iam_role",
      "name": "codepipeline_role",
      "provider": "provider[\"registry.terraform.io/hashicorp/aws\"]",
      "instances": [
        {
          "schema_version": 0,
          "attributes": {
            "arn": "arn:aws:iam::381492073646:role/eb-demo-repo-codepipeline-role",
            "assume_role_policy": "{\"Statement\":[{\"Action\":\"sts:AssumeRole\",\"Effect\":\"Allow\",\"Principal\":{\"Service\":\"codepipeline.amazonaws.com\"}}],\"Version\":\"2012-10-17\"}",
            "create_date": "2024-08-07T14:25:26Z",
            "description": "",
            "force_detach_policies": false,
            "id": "eb-demo-repo-codepipeline-role",
            "inline_policy": [
              {
                "name": "codepipeline_policy",
                "policy": "{\"Version\":\"2012-10-17\",\"Statement\":[{\"Action\":[\"s3:GetObject\",\"s3:GetObjectVersion\",\"s3:GetBucketVersioning\",\"s3:PutObjectAcl\",\"s3:PutObject\"],\"Effect\":\"Allow\",\"Resource\":\"*\"},{\"Action\":[\"codecommit:GitPull\",\"codecommit:GitPush\",\"codecommit:GetBranch\",\"codecommit:CreateCommit\",\"codecommit:ListRepositories\",\"codecommit:BatchGetCommits\",\"codecommit:BatchGetRepositories\",\"codecommit:GetCommit\",\"codecommit:GetRepository\",\"codecommit:GetUploadArchiveStatus\",\"codecommit:ListBranches\",\"codecommit:UploadArchive\"],\"Effect\":\"Allow\",\"Resource\":\"arn:aws:codecommit:us-east-1:381492073646:eb-demo-repo\"},{\"Action\":[\"elasticbeanstalk:CreateApplication\",\"elasticbeanstalk:CreateApplicationVersion\",\"elasticbeanstalk:CreateEnvironment\",\"elasticbeanstalk:UpdateEnvironment\",\"elasticbeanstalk:TerminateEnvironment\",\"elasticbeanstalk:DescribeApplicationVersions\",\"elasticbeanstalk:DescribeApplications\",\"elasticbeanstalk:DescribeConfigurationOptions\",\"elasticbeanstalk:DescribeConfigurationSettings\",\"elasticbeanstalk:DescribeEnvironments\",\"elasticbeanstalk:DescribeEnvironmentResources\",\"s3:GetObject\",\"s3:GetObjectVersion\",\"s3:PutObject\",\"s3:ListBucket\",\"iam:PassRole\"],\"Effect\":\"Allow\",\"Resource\":\"*\"},{\"Action\":[\"codebuild:BatchGetBuilds\",\"codebuild:StartBuild\",\"codebuild:BatchGetProjects\",\"codebuild:CreateReportGroup\",\"codebuild:CreateReport\",\"codebuild:UpdateReport\",\"codebuild:BatchPutTestCases\"],\"Effect\":\"Allow\",\"Resource\":\"*\"}]}"
              }
            ],
            "managed_policy_arns": [],
            "max_session_duration": 3600,
            "name": "eb-demo-repo-codepipeline-role",
            "name_prefix": "",
            "path": "/",
            "permissions_boundary": "",
            "tags": {},
            "tags_all": {},
            "unique_id": "AROAVRUVTCSXBHTSDE2MO"
          },
          "sensitive_attributes": [],
          "private": "bnVsbA=="
        }
      ]
    },
    {
      "mode": "managed",
      "type": "aws_iam_role",
      "name": "elastic_beanstalk_service_role",
      "provider": "provider[\"registry.terraform.io/hashicorp/aws\"]",
      "instances": [
        {
          "schema_version": 0,
          "attributes": {
            "arn": "arn:aws:iam::381492073646:role/elastic_beanstalk_service_role",
            "assume_role_policy": "{\"Statement\":[{\"Action\":\"sts:AssumeRole\",\"Effect\":\"Allow\",\"Principal\":{\"Service\":\"elasticbeanstalk.amazonaws.com\"}}],\"Version\":\"2012-10-17\"}",
            "create_date": "2024-08-07T14:25:26Z",
            "description": "",
            "force_detach_policies": false,
            "id": "elastic_beanstalk_service_role",
            "inline_policy": [],
            "managed_policy_arns": [
              "arn:aws:iam::aws:policy/service-role/AWSElasticBeanstalkService"
            ],
            "max_session_duration": 3600,
            "name": "elastic_beanstalk_service_role",
            "name_prefix": "",
            "path": "/",
            "permissions_boundary": "",
            "tags": {},
            "tags_all": {},
            "unique_id": "AROAVRUVTCSXISTQUFQU6"
          },
          "sensitive_attributes": [],
          "private": "bnVsbA=="
        }
      ]
    },
    {
      "mode": "managed",
      "type": "aws_iam_role_policy",
      "name": "codebuild-policy",
      "provider": "provider[\"registry.terraform.io/hashicorp/aws\"]",
      "instances": [
        {
          "schema_version": 0,
          "attributes": {
            "id": "codebuild-role-ebapp:terraform-20240807142550415800000001",
            "name": "terraform-20240807142550415800000001",
            "name_prefix": "terraform-",
            "policy": "{\"Version\":\"2012-10-17\",\"Statement\":[{\"Action\":[\"logs:CreateLogGroup\",\"logs:CreateLogStream\",\"logs:PutLogEvents\"],\"Effect\":\"Allow\",\"Resource\":[\"*\"]},{\"Action\":[\"s3:*\"],\"Effect\":\"Allow\",\"Resource\":[\"arn:aws:s3:::codebuild-ebapp\",\"arn:aws:s3:::codebuild-ebapp/*\"]},{\"Action\":[\"codebuild:CreateReportGroup\",\"codebuild:CreateReport\",\"codebuild:BatchPutTestCases\",\"codebuild:UpdateReport\",\"codebuild:BatchPutCodeCoverages\"],\"Effect\":\"Allow\",\"Resource\":\"arn:aws:codebuild:us-east-1:381492073646:report-group/*\"},{\"Action\":[\"ssm:GetParameters\"],\"Effect\":\"Allow\",\"Resource\":\"*\"}]}",
            "role": "codebuild-role-ebapp"
          },
          "sensitive_attributes": [],
          "private": "bnVsbA==",
          "dependencies": [
            "aws_iam_role.codebuild-role",
            "aws_s3_bucket.ebapp"
          ]
        }
      ]
    },
    {
      "mode": "managed",
      "type": "aws_iam_role_policy",
      "name": "codepipeline_policy",
      "provider": "provider[\"registry.terraform.io/hashicorp/aws\"]",
      "instances": [
        {
          "schema_version": 0,
          "attributes": {
            "id": "eb-demo-repo-codepipeline-role:codepipeline_policy",
            "name": "codepipeline_policy",
            "name_prefix": "",
            "policy": "{\"Version\":\"2012-10-17\",\"Statement\":[{\"Action\":[\"s3:GetObject\",\"s3:GetObjectVersion\",\"s3:GetBucketVersioning\",\"s3:PutObjectAcl\",\"s3:PutObject\"],\"Effect\":\"Allow\",\"Resource\":\"*\"},{\"Action\":[\"codecommit:GitPull\",\"codecommit:GitPush\",\"codecommit:GetBranch\",\"codecommit:CreateCommit\",\"codecommit:ListRepositories\",\"codecommit:BatchGetCommits\",\"codecommit:BatchGetRepositories\",\"codecommit:GetCommit\",\"codecommit:GetRepository\",\"codecommit:GetUploadArchiveStatus\",\"codecommit:ListBranches\",\"codecommit:UploadArchive\"],\"Effect\":\"Allow\",\"Resource\":\"arn:aws:codecommit:us-east-1:381492073646:eb-demo-repo\"},{\"Action\":[\"elasticbeanstalk:CreateApplication\",\"elasticbeanstalk:CreateApplicationVersion\",\"elasticbeanstalk:CreateEnvironment\",\"elasticbeanstalk:UpdateEnvironment\",\"elasticbeanstalk:TerminateEnvironment\",\"elasticbeanstalk:DescribeApplicationVersions\",\"elasticbeanstalk:DescribeApplications\",\"elasticbeanstalk:DescribeConfigurationOptions\",\"elasticbeanstalk:DescribeConfigurationSettings\",\"elasticbeanstalk:DescribeEnvironments\",\"elasticbeanstalk:DescribeEnvironmentResources\",\"s3:GetObject\",\"s3:GetObjectVersion\",\"s3:PutObject\",\"s3:ListBucket\",\"iam:PassRole\"],\"Effect\":\"Allow\",\"Resource\":\"*\"},{\"Action\":[\"codebuild:BatchGetBuilds\",\"codebuild:StartBuild\",\"codebuild:BatchGetProjects\",\"codebuild:CreateReportGroup\",\"codebuild:CreateReport\",\"codebuild:UpdateReport\",\"codebuild:BatchPutTestCases\"],\"Effect\":\"Allow\",\"Resource\":\"*\"}]}",
            "role": "eb-demo-repo-codepipeline-role"
          },
          "sensitive_attributes": [],
          "private": "bnVsbA==",
          "dependencies": [
            "aws_iam_role.codepipeline_role"
          ]
        }
      ]
    },
    {
      "mode": "managed",
      "type": "aws_iam_role_policy_attachment",
      "name": "elastic_beanstalk_service_policy",
      "provider": "provider[\"registry.terraform.io/hashicorp/aws\"]",
      "instances": [
        {
          "schema_version": 0,
          "attributes": {
            "id": "elastic_beanstalk_service_role-20240807142550644400000002",
            "policy_arn": "arn:aws:iam::aws:policy/service-role/AWSElasticBeanstalkService",
            "role": "elastic_beanstalk_service_role"
          },
          "sensitive_attributes": [],
          "private": "bnVsbA==",
          "dependencies": [
            "aws_iam_role.elastic_beanstalk_service_role"
          ]
        }
      ]
    },
    {
      "mode": "managed",
      "type": "aws_s3_bucket",
      "name": "ebapp",
      "provider": "provider[\"registry.terraform.io/hashicorp/aws\"]",
      "instances": [
        {
          "schema_version": 0,
          "attributes": {
            "acceleration_status": "",
            "acl": null,
            "arn": "arn:aws:s3:::codebuild-ebapp",
            "bucket": "codebuild-ebapp",
            "bucket_domain_name": "codebuild-ebapp.s3.amazonaws.com",
            "bucket_prefix": "",
            "bucket_regional_domain_name": "codebuild-ebapp.s3.us-east-1.amazonaws.com",
            "cors_rule": [],
            "force_destroy": false,
            "grant": [
              {
                "id": "97aa27f4ad75a46904d9f15eb59ca1d3a198c294264e60cb0c6fd393e802799e",
                "permissions": [
                  "FULL_CONTROL"
                ],
                "type": "CanonicalUser",
                "uri": ""
              }
            ],
            "hosted_zone_id": "Z3AQBSTGFYJSTF",
            "id": "codebuild-ebapp",
            "lifecycle_rule": [],
            "logging": [],
            "object_lock_configuration": [],
            "object_lock_enabled": false,
            "policy": "",
            "region": "us-east-1",
            "replication_configuration": [],
            "request_payer": "BucketOwner",
            "server_side_encryption_configuration": [
              {
                "rule": [
                  {
                    "apply_server_side_encryption_by_default": [
                      {
                        "kms_master_key_id": "",
                        "sse_algorithm": "AES256"
                      }
                    ],
                    "bucket_key_enabled": false
                  }
                ]
              }
            ],
            "tags": {},
            "tags_all": {},
            "timeouts": null,
            "versioning": [
              {
                "enabled": true,
                "mfa_delete": false
              }
            ],
            "website": [],
            "website_domain": null,
            "website_endpoint": null
          },
          "sensitive_attributes": [],
          "private": "eyJlMmJmYjczMC1lY2FhLTExZTYtOGY4OC0zNDM2M2JjN2M0YzAiOnsiY3JlYXRlIjoxMjAwMDAwMDAwMDAwLCJkZWxldGUiOjM2MDAwMDAwMDAwMDAsInJlYWQiOjEyMDAwMDAwMDAwMDAsInVwZGF0ZSI6MTIwMDAwMDAwMDAwMH19"
        }
      ]
    },
    {
      "mode": "managed",
      "type": "aws_s3_bucket_acl",
      "name": "example",
      "provider": "provider[\"registry.terraform.io/hashicorp/aws\"]",
      "instances": [
        {
          "schema_version": 0,
          "attributes": {
            "access_control_policy": [
              {
                "grant": [
                  {
                    "grantee": [
                      {
                        "display_name": "babiciusebastianus",
                        "email_address": "",
                        "id": "97aa27f4ad75a46904d9f15eb59ca1d3a198c294264e60cb0c6fd393e802799e",
                        "type": "CanonicalUser",
                        "uri": ""
                      }
                    ],
                    "permission": "FULL_CONTROL"
                  }
                ],
                "owner": [
                  {
                    "display_name": "babiciusebastianus",
                    "id": "97aa27f4ad75a46904d9f15eb59ca1d3a198c294264e60cb0c6fd393e802799e"
                  }
                ]
              }
            ],
            "acl": "private",
            "bucket": "codebuild-ebapp",
            "expected_bucket_owner": "",
            "id": "codebuild-ebapp,private"
          },
          "sensitive_attributes": [],
          "private": "bnVsbA==",
          "dependencies": [
            "aws_s3_bucket.ebapp",
            "aws_s3_bucket_ownership_controls.ebapp"
          ]
        }
      ]
    },
    {
      "mode": "managed",
      "type": "aws_s3_bucket_ownership_controls",
      "name": "ebapp",
      "provider": "provider[\"registry.terraform.io/hashicorp/aws\"]",
      "instances": [
        {
          "schema_version": 0,
          "attributes": {
            "bucket": "codebuild-ebapp",
            "id": "codebuild-ebapp",
            "rule": [
              {
                "object_ownership": "ObjectWriter"
              }
            ]
          },
          "sensitive_attributes": [],
          "private": "bnVsbA==",
          "dependencies": [
            "aws_s3_bucket.ebapp"
          ]
        }
      ]
    },
    {
      "mode": "managed",
      "type": "aws_s3_bucket_versioning",
      "name": "ebapp",
      "provider": "provider[\"registry.terraform.io/hashicorp/aws\"]",
      "instances": [
        {
          "schema_version": 0,
          "attributes": {
            "bucket": "codebuild-ebapp",
            "expected_bucket_owner": "",
            "id": "codebuild-ebapp",
            "mfa": null,
            "versioning_configuration": [
              {
                "mfa_delete": "",
                "status": "Enabled"
              }
            ]
          },
          "sensitive_attributes": [],
          "private": "bnVsbA==",
          "dependencies": [
            "aws_s3_bucket.ebapp"
          ]
        }
      ]
    }
  ],
  "check_results": null
}
